// !$*UTF8*$!
{
	archiveVersion = 1;
	classes = {
	};
	objectVersion = 56;
	objects = {

/* Begin PBXBuildFile section */
		D40877052BF68ECA0063D5E5 /* RecipeData.swift in Sources */ = {isa = PBXBuildFile; fileRef = D40877042BF68ECA0063D5E5 /* RecipeData.swift */; };
		D442AF462BF7F269005F51CB /* AppColor.swift in Sources */ = {isa = PBXBuildFile; fileRef = D442AF452BF7F269005F51CB /* AppColor.swift */; };
		D462D3DB2BF92D9700A95FAD /* RecipeCategoryGridView.swift in Sources */ = {isa = PBXBuildFile; fileRef = D462D3DA2BF92D9700A95FAD /* RecipeCategoryGridView.swift */; };
		D462D3FA2BFCFBEF00A95FAD /* ModifyRecipeView.swift in Sources */ = {isa = PBXBuildFile; fileRef = D462D3F92BFCFBEF00A95FAD /* ModifyRecipeView.swift */; };
		D47BC4D52BF1560900E952CF /* CookcademyApp.swift in Sources */ = {isa = PBXBuildFile; fileRef = D47BC4D42BF1560900E952CF /* CookcademyApp.swift */; };
		D47BC4D72BF1560900E952CF /* RecipesListView.swift in Sources */ = {isa = PBXBuildFile; fileRef = D47BC4D62BF1560900E952CF /* RecipesListView.swift */; };
		D47BC4D92BF1560B00E952CF /* Assets.xcassets in Resources */ = {isa = PBXBuildFile; fileRef = D47BC4D82BF1560B00E952CF /* Assets.xcassets */; };
		D47BC4DD2BF1560B00E952CF /* Preview Assets.xcassets in Resources */ = {isa = PBXBuildFile; fileRef = D47BC4DC2BF1560B00E952CF /* Preview Assets.xcassets */; };
		D47BC4E62BF157FF00E952CF /* Recipe.swift in Sources */ = {isa = PBXBuildFile; fileRef = D47BC4E52BF157FF00E952CF /* Recipe.swift */; };
		D47BC4EA2BF1856D00E952CF /* allRecipes.swift in Sources */ = {isa = PBXBuildFile; fileRef = D47BC4E92BF1856D00E952CF /* allRecipes.swift */; };
		D4DDF72C2BF69FF300E375FF /* RecipeDetailView.swift in Sources */ = {isa = PBXBuildFile; fileRef = D4DDF72B2BF69FF300E375FF /* RecipeDetailView.swift */; };
/* End PBXBuildFile section */

/* Begin PBXFileReference section */
		D40877042BF68ECA0063D5E5 /* RecipeData.swift */ = {isa = PBXFileReference; lastKnownFileType = sourcecode.swift; path = RecipeData.swift; sourceTree = "<group>"; };
		D442AF452BF7F269005F51CB /* AppColor.swift */ = {isa = PBXFileReference; lastKnownFileType = sourcecode.swift; path = AppColor.swift; sourceTree = "<group>"; };
		D462D3DA2BF92D9700A95FAD /* RecipeCategoryGridView.swift */ = {isa = PBXFileReference; lastKnownFileType = sourcecode.swift; path = RecipeCategoryGridView.swift; sourceTree = "<group>"; };
		D462D3F92BFCFBEF00A95FAD /* ModifyRecipeView.swift */ = {isa = PBXFileReference; lastKnownFileType = sourcecode.swift; path = ModifyRecipeView.swift; sourceTree = "<group>"; };
		D47BC4D12BF1560900E952CF /* Cookcademy.app */ = {isa = PBXFileReference; explicitFileType = wrapper.application; includeInIndex = 0; path = Cookcademy.app; sourceTree = BUILT_PRODUCTS_DIR; };
		D47BC4D42BF1560900E952CF /* CookcademyApp.swift */ = {isa = PBXFileReference; lastKnownFileType = sourcecode.swift; path = CookcademyApp.swift; sourceTree = "<group>"; };
		D47BC4D62BF1560900E952CF /* RecipesListView.swift */ = {isa = PBXFileReference; lastKnownFileType = sourcecode.swift; path = RecipesListView.swift; sourceTree = "<group>"; };
		D47BC4D82BF1560B00E952CF /* Assets.xcassets */ = {isa = PBXFileReference; lastKnownFileType = folder.assetcatalog; path = Assets.xcassets; sourceTree = "<group>"; };
		D47BC4DA2BF1560B00E952CF /* Cookcademy.entitlements */ = {isa = PBXFileReference; lastKnownFileType = text.plist.entitlements; path = Cookcademy.entitlements; sourceTree = "<group>"; };
		D47BC4DC2BF1560B00E952CF /* Preview Assets.xcassets */ = {isa = PBXFileReference; lastKnownFileType = folder.assetcatalog; path = "Preview Assets.xcassets"; sourceTree = "<group>"; };
		D47BC4E52BF157FF00E952CF /* Recipe.swift */ = {isa = PBXFileReference; lastKnownFileType = sourcecode.swift; path = Recipe.swift; sourceTree = "<group>"; };
		D47BC4E92BF1856D00E952CF /* allRecipes.swift */ = {isa = PBXFileReference; lastKnownFileType = sourcecode.swift; path = allRecipes.swift; sourceTree = "<group>"; };
		D4DDF72B2BF69FF300E375FF /* RecipeDetailView.swift */ = {isa = PBXFileReference; lastKnownFileType = sourcecode.swift; path = RecipeDetailView.swift; sourceTree = "<group>"; };
/* End PBXFileReference section */

/* Begin PBXFrameworksBuildPhase section */
		D47BC4CE2BF1560900E952CF /* Frameworks */ = {
			isa = PBXFrameworksBuildPhase;
			buildActionMask = 2147483647;
			files = (
			);
			runOnlyForDeploymentPostprocessing = 0;
		};
/* End PBXFrameworksBuildPhase section */

/* Begin PBXGroup section */
		D40877032BF689FC0063D5E5 /* ViewModels */ = {
			isa = PBXGroup;
			children = (
				D40877042BF68ECA0063D5E5 /* RecipeData.swift */,
				D442AF452BF7F269005F51CB /* AppColor.swift */,
			);
			path = ViewModels;
			sourceTree = "<group>";
		};
		D462D3F72BFA7E9000A95FAD /* ExploreRecipes */ = {
			isa = PBXGroup;
			children = (
				D4DDF72B2BF69FF300E375FF /* RecipeDetailView.swift */,
				D47BC4D62BF1560900E952CF /* RecipesListView.swift */,
				D462D3DA2BF92D9700A95FAD /* RecipeCategoryGridView.swift */,
			);
			path = ExploreRecipes;
			sourceTree = "<group>";
		};
		D462D3F82BFA7EBC00A95FAD /* ModifyRecipes */ = {
			isa = PBXGroup;
			children = (
				D462D3F92BFCFBEF00A95FAD /* ModifyRecipeView.swift */,
			);
			path = ModifyRecipes;
			sourceTree = "<group>";
		};
		D47BC4C82BF1560900E952CF = {
			isa = PBXGroup;
			children = (
				D47BC4D32BF1560900E952CF /* Cookcademy */,
				D47BC4D22BF1560900E952CF /* Products */,
			);
			sourceTree = "<group>";
		};
		D47BC4D22BF1560900E952CF /* Products */ = {
			isa = PBXGroup;
			children = (
				D47BC4D12BF1560900E952CF /* Cookcademy.app */,
			);
			name = Products;
			sourceTree = "<group>";
		};
		D47BC4D32BF1560900E952CF /* Cookcademy */ = {
			isa = PBXGroup;
			children = (
				D47BC4E42BF157C300E952CF /* Models */,
				D47BC4E32BF157B700E952CF /* Views */,
				D40877032BF689FC0063D5E5 /* ViewModels */,
				D47BC4D42BF1560900E952CF /* CookcademyApp.swift */,
				D47BC4E92BF1856D00E952CF /* allRecipes.swift */,
				D47BC4D82BF1560B00E952CF /* Assets.xcassets */,
				D47BC4DA2BF1560B00E952CF /* Cookcademy.entitlements */,
				D47BC4DB2BF1560B00E952CF /* Preview Content */,
			);
			path = Cookcademy;
			sourceTree = "<group>";
		};
		D47BC4DB2BF1560B00E952CF /* Preview Content */ = {
			isa = PBXGroup;
			children = (
				D47BC4DC2BF1560B00E952CF /* Preview Assets.xcassets */,
			);
			path = "Preview Content";
			sourceTree = "<group>";
		};
		D47BC4E32BF157B700E952CF /* Views */ = {
			isa = PBXGroup;
			children = (
				D462D3F82BFA7EBC00A95FAD /* ModifyRecipes */,
				D462D3F72BFA7E9000A95FAD /* ExploreRecipes */,
			);
			path = Views;
			sourceTree = "<group>";
		};
		D47BC4E42BF157C300E952CF /* Models */ = {
			isa = PBXGroup;
			children = (
				D47BC4E52BF157FF00E952CF /* Recipe.swift */,
			);
			path = Models;
			sourceTree = "<group>";
		};
/* End PBXGroup section */

/* Begin PBXNativeTarget section */
		D47BC4D02BF1560900E952CF /* Cookcademy */ = {
			isa = PBXNativeTarget;
			buildConfigurationList = D47BC4E02BF1560B00E952CF /* Build configuration list for PBXNativeTarget "Cookcademy" */;
			buildPhases = (
				D47BC4CD2BF1560900E952CF /* Sources */,
				D47BC4CE2BF1560900E952CF /* Frameworks */,
				D47BC4CF2BF1560900E952CF /* Resources */,
			);
			buildRules = (
			);
			dependencies = (
			);
			name = Cookcademy;
			productName = Cookcademy;
			productReference = D47BC4D12BF1560900E952CF /* Cookcademy.app */;
			productType = "com.apple.product-type.application";
		};
/* End PBXNativeTarget section */

/* Begin PBXProject section */
		D47BC4C92BF1560900E952CF /* Project object */ = {
			isa = PBXProject;
			attributes = {
				BuildIndependentTargetsInParallel = 1;
				LastSwiftUpdateCheck = 1530;
				LastUpgradeCheck = 1540;
				TargetAttributes = {
					D47BC4D02BF1560900E952CF = {
						CreatedOnToolsVersion = 15.3;
					};
				};
			};
			buildConfigurationList = D47BC4CC2BF1560900E952CF /* Build configuration list for PBXProject "Cookcademy" */;
			compatibilityVersion = "Xcode 14.0";
			developmentRegion = en;
			hasScannedForEncodings = 0;
			knownRegions = (
				en,
				Base,
			);
			mainGroup = D47BC4C82BF1560900E952CF;
			productRefGroup = D47BC4D22BF1560900E952CF /* Products */;
			projectDirPath = "";
			projectRoot = "";
			targets = (
				D47BC4D02BF1560900E952CF /* Cookcademy */,
			);
		};
/* End PBXProject section */

/* Begin PBXResourcesBuildPhase section */
		D47BC4CF2BF1560900E952CF /* Resources */ = {
			isa = PBXResourcesBuildPhase;
			buildActionMask = 2147483647;
			files = (
				D47BC4DD2BF1560B00E952CF /* Preview Assets.xcassets in Resources */,
				D47BC4D92BF1560B00E952CF /* Assets.xcassets in Resources */,
			);
			runOnlyForDeploymentPostprocessing = 0;
		};
/* End PBXResourcesBuildPhase section */

/* Begin PBXSourcesBuildPhase section */
		D47BC4CD2BF1560900E952CF /* Sources */ = {
			isa = PBXSourcesBuildPhase;
			buildActionMask = 2147483647;
			files = (
				D47BC4E62BF157FF00E952CF /* Recipe.swift in Sources */,
				D4DDF72C2BF69FF300E375FF /* RecipeDetailView.swift in Sources */,
				D462D3FA2BFCFBEF00A95FAD /* ModifyRecipeView.swift in Sources */,
				D47BC4D72BF1560900E952CF /* RecipesListView.swift in Sources */,
				D442AF462BF7F269005F51CB /* AppColor.swift in Sources */,
				D40877052BF68ECA0063D5E5 /* RecipeData.swift in Sources */,
				D47BC4D52BF1560900E952CF /* CookcademyApp.swift in Sources */,
				D462D3DB2BF92D9700A95FAD /* RecipeCategoryGridView.swift in Sources */,
				D47BC4EA2BF1856D00E952CF /* allRecipes.swift in Sources */,
			);
			runOnlyForDeploymentPostprocessing = 0;
		};
/* End PBXSourcesBuildPhase section */

/* Begin XCBuildConfiguration section */
		D47BC4DE2BF1560B00E952CF /* Debug */ = {
			isa = XCBuildConfiguration;
			buildSettings = {
				ALWAYS_SEARCH_USER_PATHS = NO;
				ASSETCATALOG_COMPILER_GENERATE_SWIFT_ASSET_SYMBOL_EXTENSIONS = YES;
				CLANG_ANALYZER_NONNULL = YES;
				CLANG_ANALYZER_NUMBER_OBJECT_CONVERSION = YES_AGGRESSIVE;
				CLANG_CXX_LANGUAGE_STANDARD = "gnu++20";
				CLANG_ENABLE_MODULES = YES;
				CLANG_ENABLE_OBJC_ARC = YES;
				CLANG_ENABLE_OBJC_WEAK = YES;
				CLANG_WARN_BLOCK_CAPTURE_AUTORELEASING = YES;
				CLANG_WARN_BOOL_CONVERSION = YES;
				CLANG_WARN_COMMA = YES;
				CLANG_WARN_CONSTANT_CONVERSION = YES;
				CLANG_WARN_DEPRECATED_OBJC_IMPLEMENTATIONS = YES;
				CLANG_WARN_DIRECT_OBJC_ISA_USAGE = YES_ERROR;
				CLANG_WARN_DOCUMENTATION_COMMENTS = YES;
				CLANG_WARN_EMPTY_BODY = YES;
				CLANG_WARN_ENUM_CONVERSION = YES;
				CLANG_WARN_INFINITE_RECURSION = YES;
				CLANG_WARN_INT_CONVERSION = YES;
				CLANG_WARN_NON_LITERAL_NULL_CONVERSION = YES;
				CLANG_WARN_OBJC_IMPLICIT_RETAIN_SELF = YES;
				CLANG_WARN_OBJC_LITERAL_CONVERSION = YES;
				CLANG_WARN_OBJC_ROOT_CLASS = YES_ERROR;
				CLANG_WARN_QUOTED_INCLUDE_IN_FRAMEWORK_HEADER = YES;
				CLANG_WARN_RANGE_LOOP_ANALYSIS = YES;
				CLANG_WARN_STRICT_PROTOTYPES = YES;
				CLANG_WARN_SUSPICIOUS_MOVE = YES;
				CLANG_WARN_UNGUARDED_AVAILABILITY = YES_AGGRESSIVE;
				CLANG_WARN_UNREACHABLE_CODE = YES;
				CLANG_WARN__DUPLICATE_METHOD_MATCH = YES;
				COPY_PHASE_STRIP = NO;
				DEAD_CODE_STRIPPING = YES;
				DEBUG_INFORMATION_FORMAT = dwarf;
				ENABLE_STRICT_OBJC_MSGSEND = YES;
				ENABLE_TESTABILITY = YES;
				ENABLE_USER_SCRIPT_SANDBOXING = YES;
				GCC_C_LANGUAGE_STANDARD = gnu17;
				GCC_DYNAMIC_NO_PIC = NO;
				GCC_NO_COMMON_BLOCKS = YES;
				GCC_OPTIMIZATION_LEVEL = 0;
				GCC_PREPROCESSOR_DEFINITIONS = (
					"DEBUG=1",
					"$(inherited)",
				);
				GCC_WARN_64_TO_32_BIT_CONVERSION = YES;
				GCC_WARN_ABOUT_RETURN_TYPE = YES_ERROR;
				GCC_WARN_UNDECLARED_SELECTOR = YES;
				GCC_WARN_UNINITIALIZED_AUTOS = YES_AGGRESSIVE;
				GCC_WARN_UNUSED_FUNCTION = YES;
				GCC_WARN_UNUSED_VARIABLE = YES;
				LOCALIZATION_PREFERS_STRING_CATALOGS = YES;
				MTL_ENABLE_DEBUG_INFO = INCLUDE_SOURCE;
				MTL_FAST_MATH = YES;
				ONLY_ACTIVE_ARCH = YES;
				SWIFT_ACTIVE_COMPILATION_CONDITIONS = "DEBUG $(inherited)";
				SWIFT_OPTIMIZATION_LEVEL = "-Onone";
			};
			name = Debug;
		};
		D47BC4DF2BF1560B00E952CF /* Release */ = {
			isa = XCBuildConfiguration;
			buildSettings = {
				ALWAYS_SEARCH_USER_PATHS = NO;
				ASSETCATALOG_COMPILER_GENERATE_SWIFT_ASSET_SYMBOL_EXTENSIONS = YES;
				CLANG_ANALYZER_NONNULL = YES;
				CLANG_ANALYZER_NUMBER_OBJECT_CONVERSION = YES_AGGRESSIVE;
				CLANG_CXX_LANGUAGE_STANDARD = "gnu++20";
				CLANG_ENABLE_MODULES = YES;
				CLANG_ENABLE_OBJC_ARC = YES;
				CLANG_ENABLE_OBJC_WEAK = YES;
				CLANG_WARN_BLOCK_CAPTURE_AUTORELEASING = YES;
				CLANG_WARN_BOOL_CONVERSION = YES;
				CLANG_WARN_COMMA = YES;
				CLANG_WARN_CONSTANT_CONVERSION = YES;
				CLANG_WARN_DEPRECATED_OBJC_IMPLEMENTATIONS = YES;
				CLANG_WARN_DIRECT_OBJC_ISA_USAGE = YES_ERROR;
				CLANG_WARN_DOCUMENTATION_COMMENTS = YES;
				CLANG_WARN_EMPTY_BODY = YES;
				CLANG_WARN_ENUM_CONVERSION = YES;
				CLANG_WARN_INFINITE_RECURSION = YES;
				CLANG_WARN_INT_CONVERSION = YES;
				CLANG_WARN_NON_LITERAL_NULL_CONVERSION = YES;
				CLANG_WARN_OBJC_IMPLICIT_RETAIN_SELF = YES;
				CLANG_WARN_OBJC_LITERAL_CONVERSION = YES;
				CLANG_WARN_OBJC_ROOT_CLASS = YES_ERROR;
				CLANG_WARN_QUOTED_INCLUDE_IN_FRAMEWORK_HEADER = YES;
				CLANG_WARN_RANGE_LOOP_ANALYSIS = YES;
				CLANG_WARN_STRICT_PROTOTYPES = YES;
				CLANG_WARN_SUSPICIOUS_MOVE = YES;
				CLANG_WARN_UNGUARDED_AVAILABILITY = YES_AGGRESSIVE;
				CLANG_WARN_UNREACHABLE_CODE = YES;
				CLANG_WARN__DUPLICATE_METHOD_MATCH = YES;
				COPY_PHASE_STRIP = NO;
				DEAD_CODE_STRIPPING = YES;
				DEBUG_INFORMATION_FORMAT = "dwarf-with-dsym";
				ENABLE_NS_ASSERTIONS = NO;
				ENABLE_STRICT_OBJC_MSGSEND = YES;
				ENABLE_USER_SCRIPT_SANDBOXING = YES;
				GCC_C_LANGUAGE_STANDARD = gnu17;
				GCC_NO_COMMON_BLOCKS = YES;
				GCC_WARN_64_TO_32_BIT_CONVERSION = YES;
				GCC_WARN_ABOUT_RETURN_TYPE = YES_ERROR;
				GCC_WARN_UNDECLARED_SELECTOR = YES;
				GCC_WARN_UNINITIALIZED_AUTOS = YES_AGGRESSIVE;
				GCC_WARN_UNUSED_FUNCTION = YES;
				GCC_WARN_UNUSED_VARIABLE = YES;
				LOCALIZATION_PREFERS_STRING_CATALOGS = YES;
				MTL_ENABLE_DEBUG_INFO = NO;
				MTL_FAST_MATH = YES;
				SWIFT_COMPILATION_MODE = wholemodule;
			};
			name = Release;
		};
		D47BC4E12BF1560B00E952CF /* Debug */ = {
			isa = XCBuildConfiguration;
			buildSettings = {
				ASSETCATALOG_COMPILER_APPICON_NAME = AppIcon;
				ASSETCATALOG_COMPILER_GLOBAL_ACCENT_COLOR_NAME = AccentColor;
				CODE_SIGN_ENTITLEMENTS = Cookcademy/Cookcademy.entitlements;
				CODE_SIGN_STYLE = Automatic;
				CURRENT_PROJECT_VERSION = 1;
				DEAD_CODE_STRIPPING = YES;
				DEVELOPMENT_ASSET_PATHS = "\"Cookcademy/Preview Content\"";
				DEVELOPMENT_TEAM = MVQ86FNUL7;
				ENABLE_HARDENED_RUNTIME = YES;
				ENABLE_PREVIEWS = YES;
				GENERATE_INFOPLIST_FILE = YES;
				"INFOPLIST_KEY_UIApplicationSceneManifest_Generation[sdk=iphoneos*]" = YES;
				"INFOPLIST_KEY_UIApplicationSceneManifest_Generation[sdk=iphonesimulator*]" = YES;
				"INFOPLIST_KEY_UIApplicationSupportsIndirectInputEvents[sdk=iphoneos*]" = YES;
				"INFOPLIST_KEY_UIApplicationSupportsIndirectInputEvents[sdk=iphonesimulator*]" = YES;
				"INFOPLIST_KEY_UILaunchScreen_Generation[sdk=iphoneos*]" = YES;
				"INFOPLIST_KEY_UILaunchScreen_Generation[sdk=iphonesimulator*]" = YES;
				"INFOPLIST_KEY_UIStatusBarStyle[sdk=iphoneos*]" = UIStatusBarStyleDefault;
				"INFOPLIST_KEY_UIStatusBarStyle[sdk=iphonesimulator*]" = UIStatusBarStyleDefault;
				INFOPLIST_KEY_UISupportedInterfaceOrientations_iPad = "UIInterfaceOrientationPortrait UIInterfaceOrientationPortraitUpsideDown UIInterfaceOrientationLandscapeLeft UIInterfaceOrientationLandscapeRight";
				INFOPLIST_KEY_UISupportedInterfaceOrientations_iPhone = "UIInterfaceOrientationPortrait UIInterfaceOrientationLandscapeLeft UIInterfaceOrientationLandscapeRight";
				IPHONEOS_DEPLOYMENT_TARGET = 17.4;
				LD_RUNPATH_SEARCH_PATHS = "@executable_path/Frameworks";
				"LD_RUNPATH_SEARCH_PATHS[sdk=macosx*]" = "@executable_path/../Frameworks";
				MACOSX_DEPLOYMENT_TARGET = 14.4;
				MARKETING_VERSION = 1.0;
				PRODUCT_BUNDLE_IDENTIFIER = "com.austin-taylor.Cookcademy";
				PRODUCT_NAME = "$(TARGET_NAME)";
				SDKROOT = auto;
				SUPPORTED_PLATFORMS = "iphoneos iphonesimulator macosx";
				SWIFT_EMIT_LOC_STRINGS = YES;
				SWIFT_VERSION = 5.0;
				TARGETED_DEVICE_FAMILY = "1,2";
			};
			name = Debug;
		};
		D47BC4E22BF1560B00E952CF /* Release */ = {
			isa = XCBuildConfiguration;
			buildSettings = {
				ASSETCATALOG_COMPILER_APPICON_NAME = AppIcon;
				ASSETCATALOG_COMPILER_GLOBAL_ACCENT_COLOR_NAME = AccentColor;
				CODE_SIGN_ENTITLEMENTS = Cookcademy/Cookcademy.entitlements;
				CODE_SIGN_STYLE = Automatic;
				CURRENT_PROJECT_VERSION = 1;
				DEAD_CODE_STRIPPING = YES;
				DEVELOPMENT_ASSET_PATHS = "\"Cookcademy/Preview Content\"";
				DEVELOPMENT_TEAM = MVQ86FNUL7;
				ENABLE_HARDENED_RUNTIME = YES;
				ENABLE_PREVIEWS = YES;
				GENERATE_INFOPLIST_FILE = YES;
				"INFOPLIST_KEY_UIApplicationSceneManifest_Generation[sdk=iphoneos*]" = YES;
				"INFOPLIST_KEY_UIApplicationSceneManifest_Generation[sdk=iphonesimulator*]" = YES;
				"INFOPLIST_KEY_UIApplicationSupportsIndirectInputEvents[sdk=iphoneos*]" = YES;
				"INFOPLIST_KEY_UIApplicationSupportsIndirectInputEvents[sdk=iphonesimulator*]" = YES;
				"INFOPLIST_KEY_UILaunchScreen_Generation[sdk=iphoneos*]" = YES;
				"INFOPLIST_KEY_UILaunchScreen_Generation[sdk=iphonesimulator*]" = YES;
				"INFOPLIST_KEY_UIStatusBarStyle[sdk=iphoneos*]" = UIStatusBarStyleDefault;
				"INFOPLIST_KEY_UIStatusBarStyle[sdk=iphonesimulator*]" = UIStatusBarStyleDefault;
				INFOPLIST_KEY_UISupportedInterfaceOrientations_iPad = "UIInterfaceOrientationPortrait UIInterfaceOrientationPortraitUpsideDown UIInterfaceOrientationLandscapeLeft UIInterfaceOrientationLandscapeRight";
				INFOPLIST_KEY_UISupportedInterfaceOrientations_iPhone = "UIInterfaceOrientationPortrait UIInterfaceOrientationLandscapeLeft UIInterfaceOrientationLandscapeRight";
				IPHONEOS_DEPLOYMENT_TARGET = 17.4;
				LD_RUNPATH_SEARCH_PATHS = "@executable_path/Frameworks";
				"LD_RUNPATH_SEARCH_PATHS[sdk=macosx*]" = "@executable_path/../Frameworks";
				MACOSX_DEPLOYMENT_TARGET = 14.4;
				MARKETING_VERSION = 1.0;
				PRODUCT_BUNDLE_IDENTIFIER = "com.austin-taylor.Cookcademy";
				PRODUCT_NAME = "$(TARGET_NAME)";
				SDKROOT = auto;
				SUPPORTED_PLATFORMS = "iphoneos iphonesimulator macosx";
				SWIFT_EMIT_LOC_STRINGS = YES;
				SWIFT_VERSION = 5.0;
				TARGETED_DEVICE_FAMILY = "1,2";
			};
			name = Release;
		};
/* End XCBuildConfiguration section */

/* Begin XCConfigurationList section */
		D47BC4CC2BF1560900E952CF /* Build configuration list for PBXProject "Cookcademy" */ = {
			isa = XCConfigurationList;
			buildConfigurations = (
				D47BC4DE2BF1560B00E952CF /* Debug */,
				D47BC4DF2BF1560B00E952CF /* Release */,
			);
			defaultConfigurationIsVisible = 0;
			defaultConfigurationName = Release;
		};
		D47BC4E02BF1560B00E952CF /* Build configuration list for PBXNativeTarget "Cookcademy" */ = {
			isa = XCConfigurationList;
			buildConfigurations = (
				D47BC4E12BF1560B00E952CF /* Debug */,
				D47BC4E22BF1560B00E952CF /* Release */,
			);
			defaultConfigurationIsVisible = 0;
			defaultConfigurationName = Release;
		};
/* End XCConfigurationList section */
	};
	rootObject = D47BC4C92BF1560900E952CF /* Project object */;
}
